# This file is automatically @generated by Cargo.
# It is not intended for manual editing.
version = 3

[[package]]
name = "hcode_rust"
version = "0.1.1"
source = "registry+https://github.com/rust-lang/crates.io-index"
checksum = "f207d88791b6fb1096fd054805026f434f8868e90511728a14fcb55c1ecb4f16"

[[package]]
name = "matematica"
version = "0.1.0"
dependencies = [
 "hcode_rust",
]
